
Microsoft Visual Studio Solution File, Format Version 12.00
# Visual Studio Version 17
VisualStudioVersion = 17.7.34031.279
MinimumVisualStudioVersion = 10.0.40219.1
Project("{9A19103F-16F7-4668-BE54-9A1E7A4F7556}") = "Tycoon.Factory.Core", "Tycoon.Factory.Core\Tycoon.Factory.Core.csproj", "{940754B9-C04B-4A06-841D-B32C396A8F4E}"
EndProject
Project("{9A19103F-16F7-4668-BE54-9A1E7A4F7556}") = "Tycoon.Factory.Api", "Tycoon.Factory.Api\Tycoon.Factory.Api.csproj", "{92C4B409-4030-43FF-98BA-C8536DF17DA4}"
EndProject
Project("{9A19103F-16F7-4668-BE54-9A1E7A4F7556}") = "Tycoon.Factory.Tests", "Tycoon.Factory.Tests\Tycoon.Factory.Tests.csproj", "{4B6E55CB-2C92-46DB-8A61-E7B48AC8B6B5}"
EndProject
Project("{9A19103F-16F7-4668-BE54-9A1E7A4F7556}") = "Tycoon.Factory.Utils", "TycoonFactory.Utils\Tycoon.Factory.Utils.csproj", "{BD52BE1A-B984-4FCB-8CE4-88B6E568DB3C}"
EndProject
Project("{FAE04EC0-301F-11D3-BF4B-00C04F79EFBC}") = "Tycoon.Factory.Infrastructure", "Tycoon.Factory.Infrastructure\Tycoon.Factory.Infrastructure.csproj", "{044DA321-6F26-4E1C-900F-652080022E4E}"
EndProject
Global
	GlobalSection(SolutionConfigurationPlatforms) = preSolution
		Debug|Any CPU = Debug|Any CPU
		Release|Any CPU = Release|Any CPU
	EndGlobalSection
	GlobalSection(ProjectConfigurationPlatforms) = postSolution
		{940754B9-C04B-4A06-841D-B32C396A8F4E}.Debug|Any CPU.ActiveCfg = Debug|Any CPU
		{940754B9-C04B-4A06-841D-B32C396A8F4E}.Debug|Any CPU.Build.0 = Debug|Any CPU
		{940754B9-C04B-4A06-841D-B32C396A8F4E}.Release|Any CPU.ActiveCfg = Release|Any CPU
		{940754B9-C04B-4A06-841D-B32C396A8F4E}.Release|Any CPU.Build.0 = Release|Any CPU
		{92C4B409-4030-43FF-98BA-C8536DF17DA4}.Debug|Any CPU.ActiveCfg = Debug|Any CPU
		{92C4B409-4030-43FF-98BA-C8536DF17DA4}.Debug|Any CPU.Build.0 = Debug|Any CPU
		{92C4B409-4030-43FF-98BA-C8536DF17DA4}.Release|Any CPU.ActiveCfg = Release|Any CPU
		{92C4B409-4030-43FF-98BA-C8536DF17DA4}.Release|Any CPU.Build.0 = Release|Any CPU
		{4B6E55CB-2C92-46DB-8A61-E7B48AC8B6B5}.Debug|Any CPU.ActiveCfg = Debug|Any CPU
		{4B6E55CB-2C92-46DB-8A61-E7B48AC8B6B5}.Debug|Any CPU.Build.0 = Debug|Any CPU
		{4B6E55CB-2C92-46DB-8A61-E7B48AC8B6B5}.Release|Any CPU.ActiveCfg = Release|Any CPU
		{4B6E55CB-2C92-46DB-8A61-E7B48AC8B6B5}.Release|Any CPU.Build.0 = Release|Any CPU
		{BD52BE1A-B984-4FCB-8CE4-88B6E568DB3C}.Debug|Any CPU.ActiveCfg = Debug|Any CPU
		{BD52BE1A-B984-4FCB-8CE4-88B6E568DB3C}.Debug|Any CPU.Build.0 = Debug|Any CPU
		{BD52BE1A-B984-4FCB-8CE4-88B6E568DB3C}.Release|Any CPU.ActiveCfg = Release|Any CPU
		{BD52BE1A-B984-4FCB-8CE4-88B6E568DB3C}.Release|Any CPU.Build.0 = Release|Any CPU
		{044DA321-6F26-4E1C-900F-652080022E4E}.Debug|Any CPU.ActiveCfg = Debug|Any CPU
		{044DA321-6F26-4E1C-900F-652080022E4E}.Debug|Any CPU.Build.0 = Debug|Any CPU
		{044DA321-6F26-4E1C-900F-652080022E4E}.Release|Any CPU.ActiveCfg = Release|Any CPU
		{044DA321-6F26-4E1C-900F-652080022E4E}.Release|Any CPU.Build.0 = Release|Any CPU
	EndGlobalSection
	GlobalSection(SolutionProperties) = preSolution
		HideSolutionNode = FALSE
	EndGlobalSection
	GlobalSection(ExtensibilityGlobals) = postSolution
		SolutionGuid = {68304760-3B7B-4FDC-8910-34A41C67131F}
	EndGlobalSection
EndGlobal
